--- 
dependencies: 
  rr: 
    group: 
    - :test
    version: ">= 0.10.10"
  rake: 
    group: 
    - :test
    version: ">= 0.8.7"
  rspec: 
    group: 
    - :test
    version: ">= 2.0.0.a7"
  rcov: 
    group: 
    - :test
    version: ">= 0.9.8"
  jeweler: 
    group: 
    - :release
    version: ">= 1.4.0"
  cucumber: 
    group: 
    - :test
    version: ">= 0.6.3"
  activesupport: 
    group: 
    - :default
    version: ">= 3.0.pre"
specs: 
- builder: 
    version: 2.1.2
- i18n: 
    version: 0.3.5
- json_pure: 
    version: 1.2.3
- git: 
    version: 1.2.5
- rcov: 
    version: 0.9.8
- rubyforge: 
    version: 2.0.4
- polyglot: 
    version: 0.3.0
- treetop: 
    version: 1.4.4
- diff-lcs: 
    version: 1.1.2
- memcache-client: 
    version: 1.7.8
- rake: 
    version: 0.8.7
- term-ansicolor: 
    version: 1.0.4
- rr: 
    version: 0.10.10
- gemcutter: 
    version: 0.5.0
- jeweler: 
    version: 1.4.0
- rspec-core: 
    version: 2.0.0.beta.3
- rspec-expectations: 
    version: 2.0.0.beta.3
- rspec-mocks: 
    version: 2.0.0.beta.3
- rspec: 
    version: 2.0.0.beta.3
- cucumber: 
    version: 0.6.3
- tzinfo: 
    version: 0.3.17
- activesupport: 
    version: 3.0.0.beta
hash: c1610ab6a331a289051aac4c921b0ae4f87b76db
sources: 
- Rubygems: 
    uri: http://gemcutter.org
